// !$*UTF8*$!
{
	archiveVersion = 1;
	classes = {
	};
	objectVersion = 46;
	objects = {

/* Begin PBXBuildFile section */
		2C21E42E1B85332900AB585A /* AppDelegate.swift in Sources */ = {isa = PBXBuildFile; fileRef = 2C21E42D1B85332900AB585A /* AppDelegate.swift */; };
		2C21E4301B85332900AB585A /* ViewController.swift in Sources */ = {isa = PBXBuildFile; fileRef = 2C21E42F1B85332900AB585A /* ViewController.swift */; };
		2C21E4331B85332900AB585A /* Main.storyboard in Resources */ = {isa = PBXBuildFile; fileRef = 2C21E4311B85332900AB585A /* Main.storyboard */; };
		2C21E4351B85332900AB585A /* Images.xcassets in Resources */ = {isa = PBXBuildFile; fileRef = 2C21E4341B85332900AB585A /* Images.xcassets */; };
		2C21E4381B85332900AB585A /* LaunchScreen.xib in Resources */ = {isa = PBXBuildFile; fileRef = 2C21E4361B85332900AB585A /* LaunchScreen.xib */; };
		2C21E4441B85332900AB585A /* ElevatingTheEverydayTests.swift in Sources */ = {isa = PBXBuildFile; fileRef = 2C21E4431B85332900AB585A /* ElevatingTheEverydayTests.swift */; };
/* End PBXBuildFile section */

/* Begin PBXContainerItemProxy section */
		2C21E43E1B85332900AB585A /* PBXContainerItemProxy */ = {
			isa = PBXContainerItemProxy;
			containerPortal = 2C21E4201B85332900AB585A /* Project object */;
			proxyType = 1;
			remoteGlobalIDString = 2C21E4271B85332900AB585A;
			remoteInfo = ElevatingTheEveryday;
		};
/* End PBXContainerItemProxy section */

/* Begin PBXFileReference section */
		2C21E4281B85332900AB585A /* ElevatingTheEveryday.app */ = {isa = PBXFileReference; explicitFileType = wrapper.application; includeInIndex = 0; path = ElevatingTheEveryday.app; sourceTree = BUILT_PRODUCTS_DIR; };
		2C21E42C1B85332900AB585A /* Info.plist */ = {isa = PBXFileReference; lastKnownFileType = text.plist.xml; path = Info.plist; sourceTree = "<group>"; };
		2C21E42D1B85332900AB585A /* AppDelegate.swift */ = {isa = PBXFileReference; lastKnownFileType = sourcecode.swift; path = AppDelegate.swift; sourceTree = "<group>"; };
		2C21E42F1B85332900AB585A /* ViewController.swift */ = {isa = PBXFileReference; lastKnownFileType = sourcecode.swift; path = ViewController.swift; sourceTree = "<group>"; };
		2C21E4321B85332900AB585A /* Base */ = {isa = PBXFileReference; lastKnownFileType = file.storyboard; name = Base; path = Base.lproj/Main.storyboard; sourceTree = "<group>"; };
		2C21E4341B85332900AB585A /* Images.xcassets */ = {isa = PBXFileReference; lastKnownFileType = folder.assetcatalog; path = Images.xcassets; sourceTree = "<group>"; };
		2C21E4371B85332900AB585A /* Base */ = {isa = PBXFileReference; lastKnownFileType = file.xib; name = Base; path = Base.lproj/LaunchScreen.xib; sourceTree = "<group>"; };
		2C21E43D1B85332900AB585A /* ElevatingTheEverydayTests.xctest */ = {isa = PBXFileReference; explicitFileType = wrapper.cfbundle; includeInIndex = 0; path = ElevatingTheEverydayTests.xctest; sourceTree = BUILT_PRODUCTS_DIR; };
		2C21E4421B85332900AB585A /* Info.plist */ = {isa = PBXFileReference; lastKnownFileType = text.plist.xml; path = Info.plist; sourceTree = "<group>"; };
		2C21E4431B85332900AB585A /* ElevatingTheEverydayTests.swift */ = {isa = PBXFileReference; lastKnownFileType = sourcecode.swift; path = ElevatingTheEverydayTests.swift; sourceTree = "<group>"; };
/* End PBXFileReference section */

/* Begin PBXFrameworksBuildPhase section */
		2C21E4251B85332900AB585A /* Frameworks */ = {
			isa = PBXFrameworksBuildPhase;
			buildActionMask = 2147483647;
			files = (
			);
			runOnlyForDeploymentPostprocessing = 0;
		};
		2C21E43A1B85332900AB585A /* Frameworks */ = {
			isa = PBXFrameworksBuildPhase;
			buildActionMask = 2147483647;
			files = (
			);
			runOnlyForDeploymentPostprocessing = 0;
		};
/* End PBXFrameworksBuildPhase section */

/* Begin PBXGroup section */
		2C21E41F1B85332900AB585A = {
			isa = PBXGroup;
			children = (
				2C21E42A1B85332900AB585A /* ElevatingTheEveryday */,
				2C21E4401B85332900AB585A /* ElevatingTheEverydayTests */,
				2C21E4291B85332900AB585A /* Products */,
			);
			sourceTree = "<group>";
		};
		2C21E4291B85332900AB585A /* Products */ = {
			isa = PBXGroup;
			children = (
				2C21E4281B85332900AB585A /* ElevatingTheEveryday.app */,
				2C21E43D1B85332900AB585A /* ElevatingTheEverydayTests.xctest */,
			);
			name = Products;
			sourceTree = "<group>";
		};
		2C21E42A1B85332900AB585A /* ElevatingTheEveryday */ = {
			isa = PBXGroup;
			children = (
				2C21E42D1B85332900AB585A /* AppDelegate.swift */,
				2C21E42F1B85332900AB585A /* ViewController.swift */,
				2C21E4311B85332900AB585A /* Main.storyboard */,
				2C21E4341B85332900AB585A /* Images.xcassets */,
				2C21E4361B85332900AB585A /* LaunchScreen.xib */,
				2C21E42B1B85332900AB585A /* Supporting Files */,
			);
			path = ElevatingTheEveryday;
			sourceTree = "<group>";
		};
		2C21E42B1B85332900AB585A /* Supporting Files */ = {
			isa = PBXGroup;
			children = (
				2C21E42C1B85332900AB585A /* Info.plist */,
			);
			name = "Supporting Files";
			sourceTree = "<group>";
		};
		2C21E4401B85332900AB585A /* ElevatingTheEverydayTests */ = {
			isa = PBXGroup;
			children = (
				2C21E4431B85332900AB585A /* ElevatingTheEverydayTests.swift */,
				2C21E4411B85332900AB585A /* Supporting Files */,
			);
			path = ElevatingTheEverydayTests;
			sourceTree = "<group>";
		};
		2C21E4411B85332900AB585A /* Supporting Files */ = {
			isa = PBXGroup;
			children = (
				2C21E4421B85332900AB585A /* Info.plist */,
			);
			name = "Supporting Files";
			sourceTree = "<group>";
		};
/* End PBXGroup section */

/* Begin PBXNativeTarget section */
		2C21E4271B85332900AB585A /* ElevatingTheEveryday */ = {
			isa = PBXNativeTarget;
			buildConfigurationList = 2C21E4471B85332900AB585A /* Build configuration list for PBXNativeTarget "ElevatingTheEveryday" */;
			buildPhases = (
				2C21E4241B85332900AB585A /* Sources */,
				2C21E4251B85332900AB585A /* Frameworks */,
				2C21E4261B85332900AB585A /* Resources */,
			);
			buildRules = (
			);
			dependencies = (
			);
			name = ElevatingTheEveryday;
			productName = ElevatingTheEveryday;
			productReference = 2C21E4281B85332900AB585A /* ElevatingTheEveryday.app */;
			productType = "com.apple.product-type.application";
		};
		2C21E43C1B85332900AB585A /* ElevatingTheEverydayTests */ = {
			isa = PBXNativeTarget;
			buildConfigurationList = 2C21E44A1B85332900AB585A /* Build configuration list for PBXNativeTarget "ElevatingTheEverydayTests" */;
			buildPhases = (
				2C21E4391B85332900AB585A /* Sources */,
				2C21E43A1B85332900AB585A /* Frameworks */,
				2C21E43B1B85332900AB585A /* Resources */,
			);
			buildRules = (
			);
			dependencies = (
				2C21E43F1B85332900AB585A /* PBXTargetDependency */,
			);
			name = ElevatingTheEverydayTests;
			productName = ElevatingTheEverydayTests;
			productReference = 2C21E43D1B85332900AB585A /* ElevatingTheEverydayTests.xctest */;
			productType = "com.apple.product-type.bundle.unit-test";
		};
/* End PBXNativeTarget section */

/* Begin PBXProject section */
		2C21E4201B85332900AB585A /* Project object */ = {
			isa = PBXProject;
			attributes = {
				LastUpgradeCheck = 0640;
				ORGANIZATIONNAME = "Pawar, Santosh";
				TargetAttributes = {
					2C21E4271B85332900AB585A = {
						CreatedOnToolsVersion = 6.4;
					};
					2C21E43C1B85332900AB585A = {
						CreatedOnToolsVersion = 6.4;
						TestTargetID = 2C21E4271B85332900AB585A;
					};
				};
			};
			buildConfigurationList = 2C21E4231B85332900AB585A /* Build configuration list for PBXProject "ElevatingTheEveryday" */;
			compatibilityVersion = "Xcode 3.2";
			developmentRegion = English;
			hasScannedForEncodings = 0;
			knownRegions = (
				en,
				Base,
			);
			mainGroup = 2C21E41F1B85332900AB585A;
			productRefGroup = 2C21E4291B85332900AB585A /* Products */;
			projectDirPath = "";
			projectRoot = "";
			targets = (
				2C21E4271B85332900AB585A /* ElevatingTheEveryday */,
				2C21E43C1B85332900AB585A /* ElevatingTheEverydayTests */,
			);
		};
/* End PBXProject section */

/* Begin PBXResourcesBuildPhase section */
		2C21E4261B85332900AB585A /* Resources */ = {
			isa = PBXResourcesBuildPhase;
			buildActionMask = 2147483647;
			files = (
				2C21E4331B85332900AB585A /* Main.storyboard in Resources */,
				2C21E4381B85332900AB585A /* LaunchScreen.xib in Resources */,
				2C21E4351B85332900AB585A /* Images.xcassets in Resources */,
			);
			runOnlyForDeploymentPostprocessing = 0;
		};
		2C21E43B1B85332900AB585A /* Resources */ = {
			isa = PBXResourcesBuildPhase;
			buildActionMask = 2147483647;
			files = (
			);
			runOnlyForDeploymentPostprocessing = 0;
		};
/* End PBXResourcesBuildPhase section */

/* Begin PBXSourcesBuildPhase section */
		2C21E4241B85332900AB585A /* Sources */ = {
			isa = PBXSourcesBuildPhase;
			buildActionMask = 2147483647;
			files = (
				2C21E4301B85332900AB585A /* ViewController.swift in Sources */,
				2C21E42E1B85332900AB585A /* AppDelegate.swift in Sources */,
			);
			runOnlyForDeploymentPostprocessing = 0;
		};
		2C21E4391B85332900AB585A /* Sources */ = {
			isa = PBXSourcesBuildPhase;
			buildActionMask = 2147483647;
			files = (
				2C21E4441B85332900AB585A /* ElevatingTheEverydayTests.swift in Sources */,
			);
			runOnlyForDeploymentPostprocessing = 0;
		};
/* End PBXSourcesBuildPhase section */

/* Begin PBXTargetDependency section */
		2C21E43F1B85332900AB585A /* PBXTargetDependency */ = {
			isa = PBXTargetDependency;
			target = 2C21E4271B85332900AB585A /* ElevatingTheEveryday */;
			targetProxy = 2C21E43E1B85332900AB585A /* PBXContainerItemProxy */;
		};
/* End PBXTargetDependency section */

/* Begin PBXVariantGroup section */
		2C21E4311B85332900AB585A /* Main.storyboard */ = {
			isa = PBXVariantGroup;
			children = (
				2C21E4321B85332900AB585A /* Base */,
			);
			name = Main.storyboard;
			sourceTree = "<group>";
		};
		2C21E4361B85332900AB585A /* LaunchScreen.xib */ = {
			isa = PBXVariantGroup;
			children = (
				2C21E4371B85332900AB585A /* Base */,
			);
			name = LaunchScreen.xib;
			sourceTree = "<group>";
		};
/* End PBXVariantGroup section */

/* Begin XCBuildConfiguration section */
		2C21E4451B85332900AB585A /* Debug */ = {
			isa = XCBuildConfiguration;
			buildSettings = {
				ALWAYS_SEARCH_USER_PATHS = NO;
				CLANG_CXX_LANGUAGE_STANDARD = "gnu++0x";
				CLANG_CXX_LIBRARY = "libc++";
				CLANG_ENABLE_MODULES = YES;
				CLANG_ENABLE_OBJC_ARC = YES;
				CLANG_WARN_BOOL_CONVERSION = YES;
				CLANG_WARN_CONSTANT_CONVERSION = YES;
				CLANG_WARN_DIRECT_OBJC_ISA_USAGE = YES_ERROR;
				CLANG_WARN_EMPTY_BODY = YES;
				CLANG_WARN_ENUM_CONVERSION = YES;
				CLANG_WARN_INT_CONVERSION = YES;
				CLANG_WARN_OBJC_ROOT_CLASS = YES_ERROR;
				CLANG_WARN_UNREACHABLE_CODE = YES;
				CLANG_WARN__DUPLICATE_METHOD_MATCH = YES;
				"CODE_SIGN_IDENTITY[sdk=iphoneos*]" = "iPhone Developer";
				COPY_PHASE_STRIP = NO;
				DEBUG_INFORMATION_FORMAT = "dwarf-with-dsym";
				ENABLE_STRICT_OBJC_MSGSEND = YES;
				GCC_C_LANGUAGE_STANDARD = gnu99;
				GCC_DYNAMIC_NO_PIC = NO;
				GCC_NO_COMMON_BLOCKS = YES;
				GCC_OPTIMIZATION_LEVEL = 0;
				GCC_PREPROCESSOR_DEFINITIONS = (
					"DEBUG=1",
					"$(inherited)",
				);
				GCC_SYMBOLS_PRIVATE_EXTERN = NO;
				GCC_WARN_64_TO_32_BIT_CONVERSION = YES;
				GCC_WARN_ABOUT_RETURN_TYPE = YES_ERROR;
				GCC_WARN_UNDECLARED_SELECTOR = YES;
				GCC_WARN_UNINITIALIZED_AUTOS = YES_AGGRESSIVE;
				GCC_WARN_UNUSED_FUNCTION = YES;
				GCC_WARN_UNUSED_VARIABLE = YES;
				IPHONEOS_DEPLOYMENT_TARGET = 8.4;
				MTL_ENABLE_DEBUG_INFO = YES;
				ONLY_ACTIVE_ARCH = YES;
				SDKROOT = iphoneos;
				SWIFT_OPTIMIZATION_LEVEL = "-Onone";
				TARGETED_DEVICE_FAMILY = "1,2";
			};
			name = Debug;
		};
		2C21E4461B85332900AB585A /* Release */ = {
			isa = XCBuildConfiguration;
			buildSettings = {
				ALWAYS_SEARCH_USER_PATHS = NO;
				CLANG_CXX_LANGUAGE_STANDARD = "gnu++0x";
				CLANG_CXX_LIBRARY = "libc++";
				CLANG_ENABLE_MODULES = YES;
				CLANG_ENABLE_OBJC_ARC = YES;
				CLANG_WARN_BOOL_CONVERSION = YES;
				CLANG_WARN_CONSTANT_CONVERSION = YES;
				CLANG_WARN_DIRECT_OBJC_ISA_USAGE = YES_ERROR;
				CLANG_WARN_EMPTY_BODY = YES;
				CLANG_WARN_ENUM_CONVERSION = YES;
				CLANG_WARN_INT_CONVERSION = YES;
				CLANG_WARN_OBJC_ROOT_CLASS = YES_ERROR;
				CLANG_WARN_UNREACHABLE_CODE = YES;
				CLANG_WARN__DUPLICATE_METHOD_MATCH = YES;
				"CODE_SIGN_IDENTITY[sdk=iphoneos*]" = "iPhone Developer";
				COPY_PHASE_STRIP = NO;
				DEBUG_INFORMATION_FORMAT = "dwarf-with-dsym";
				ENABLE_NS_ASSERTIONS = NO;
				ENABLE_STRICT_OBJC_MSGSEND = YES;
				GCC_C_LANGUAGE_STANDARD = gnu99;
				GCC_NO_COMMON_BLOCKS = YES;
				GCC_WARN_64_TO_32_BIT_CONVERSION = YES;
				GCC_WARN_ABOUT_RETURN_TYPE = YES_ERROR;
				GCC_WARN_UNDECLARED_SELECTOR = YES;
				GCC_WARN_UNINITIALIZED_AUTOS = YES_AGGRESSIVE;
				GCC_WARN_UNUSED_FUNCTION = YES;
				GCC_WARN_UNUSED_VARIABLE = YES;
				IPHONEOS_DEPLOYMENT_TARGET = 8.4;
				MTL_ENABLE_DEBUG_INFO = NO;
				SDKROOT = iphoneos;
				TARGETED_DEVICE_FAMILY = "1,2";
				VALIDATE_PRODUCT = YES;
			};
			name = Release;
		};
		2C21E4481B85332900AB585A /* Debug */ = {
			isa = XCBuildConfiguration;
			buildSettings = {
				ASSETCATALOG_COMPILER_APPICON_NAME = AppIcon;
				INFOPLIST_FILE = ElevatingTheEveryday/Info.plist;
				LD_RUNPATH_SEARCH_PATHS = "$(inherited) @executable_path/Frameworks";
				PRODUCT_NAME = "$(TARGET_NAME)";
			};
			name = Debug;
		};
		2C21E4491B85332900AB585A /* Release */ = {
			isa = XCBuildConfiguration;
			buildSettings = {
				ASSETCATALOG_COMPILER_APPICON_NAME = AppIcon;
				INFOPLIST_FILE = ElevatingTheEveryday/Info.plist;
				LD_RUNPATH_SEARCH_PATHS = "$(inherited) @executable_path/Frameworks";
				PRODUCT_NAME = "$(TARGET_NAME)";
			};
			name = Release;
		};
		2C21E44B1B85332900AB585A /* Debug */ = {
			isa = XCBuildConfiguration;
			buildSettings = {
				BUNDLE_LOADER = "$(TEST_HOST)";
				FRAMEWORK_SEARCH_PATHS = (
					"$(SDKROOT)/Developer/Library/Frameworks",
					"$(inherited)",
				);
				GCC_PREPROCESSOR_DEFINITIONS = (
					"DEBUG=1",
					"$(inherited)",
				);
				INFOPLIST_FILE = ElevatingTheEverydayTests/Info.plist;
				LD_RUNPATH_SEARCH_PATHS = "$(inherited) @executable_path/Frameworks @loader_path/Frameworks";
				PRODUCT_NAME = "$(TARGET_NAME)";
				TEST_HOST = "$(BUILT_PRODUCTS_DIR)/ElevatingTheEveryday.app/ElevatingTheEveryday";
			};
			name = Debug;
		};
		2C21E44C1B85332900AB585A /* Release */ = {
			isa = XCBuildConfiguration;
			buildSettings = {
				BUNDLE_LOADER = "$(TEST_HOST)";
				FRAMEWORK_SEARCH_PATHS = (
					"$(SDKROOT)/Developer/Library/Frameworks",
					"$(inherited)",
				);
				INFOPLIST_FILE = ElevatingTheEverydayTests/Info.plist;
				LD_RUNPATH_SEARCH_PATHS = "$(inherited) @executable_path/Frameworks @loader_path/Frameworks";
				PRODUCT_NAME = "$(TARGET_NAME)";
				TEST_HOST = "$(BUILT_PRODUCTS_DIR)/ElevatingTheEveryday.app/ElevatingTheEveryday";
			};
			name = Release;
		};
/* End XCBuildConfiguration section */

/* Begin XCConfigurationList section */
		2C21E4231B85332900AB585A /* Build configuration list for PBXProject "ElevatingTheEveryday" */ = {
			isa = XCConfigurationList;
			buildConfigurations = (
				2C21E4451B85332900AB585A /* Debug */,
				2C21E4461B85332900AB585A /* Release */,
			);
			defaultConfigurationIsVisible = 0;
			defaultConfigurationName = Release;
		};
		2C21E4471B85332900AB585A /* Build configuration list for PBXNativeTarget "ElevatingTheEveryday" */ = {
			isa = XCConfigurationList;
			buildConfigurations = (
				2C21E4481B85332900AB585A /* Debug */,
				2C21E4491B85332900AB585A /* Release */,
			);
			defaultConfigurationIsVisible = 0;
		};
		2C21E44A1B85332900AB585A /* Build configuration list for PBXNativeTarget "ElevatingTheEverydayTests" */ = {
			isa = XCConfigurationList;
			buildConfigurations = (
				2C21E44B1B85332900AB585A /* Debug */,
				2C21E44C1B85332900AB585A /* Release */,
			);
			defaultConfigurationIsVisible = 0;
		};
/* End XCConfigurationList section */
	};
	rootObject = 2C21E4201B85332900AB585A /* Project object */;
}
